
Microsoft Visual Studio Solution File, Format Version 12.00
# Visual Studio 2013
VisualStudioVersion = 12.0.30501.0
MinimumVisualStudioVersion = 10.0.40219.1
Project("{FAE04EC0-301F-11D3-BF4B-00C04F79EFBC}") = "MassTransit.Host.RabbitMQ", "MassTransit.Host.RabbitMQ\MassTransit.Host.RabbitMQ.csproj", "{EE1D72DD-38B4-4580-B0DE-9361A21C1DA7}"
EndProject
Project("{2150E333-8FDC-42A3-9474-1A3956D46DE8}") = ".nuget", ".nuget", "{A8FB0846-79C7-4075-AF19-14364BA12A2B}"
	ProjectSection(SolutionItems) = preProject
		.nuget\NuGet.Config = .nuget\NuGet.Config
		.nuget\NuGet.exe = .nuget\NuGet.exe
		.nuget\NuGet.targets = .nuget\NuGet.targets
	EndProjectSection
EndProject
Project("{2150E333-8FDC-42A3-9474-1A3956D46DE8}") = "Solution Items", "Solution Items", "{1869D18E-989A-4D60-AC60-1E470A40F6A1}"
	ProjectSection(SolutionItems) = preProject
		.gitignore = .gitignore
		README.md = README.md
	EndProjectSection
EndProject
Global
	GlobalSection(SolutionConfigurationPlatforms) = preSolution
		Debug|Any CPU = Debug|Any CPU
		Release|Any CPU = Release|Any CPU
	EndGlobalSection
	GlobalSection(ProjectConfigurationPlatforms) = postSolution
		{EE1D72DD-38B4-4580-B0DE-9361A21C1DA7}.Debug|Any CPU.ActiveCfg = Debug|Any CPU
		{EE1D72DD-38B4-4580-B0DE-9361A21C1DA7}.Debug|Any CPU.Build.0 = Debug|Any CPU
		{EE1D72DD-38B4-4580-B0DE-9361A21C1DA7}.Release|Any CPU.ActiveCfg = Release|Any CPU
		{EE1D72DD-38B4-4580-B0DE-9361A21C1DA7}.Release|Any CPU.Build.0 = Release|Any CPU
	EndGlobalSection
	GlobalSection(SolutionProperties) = preSolution
		HideSolutionNode = FALSE
	EndGlobalSection
EndGlobal
